
Microsoft Visual Studio Solution File, Format Version 12.00
# Visual Studio Version 16
VisualStudioVersion = 16.0.31205.134
MinimumVisualStudioVersion = 10.0.40219.1
Project("{8BC9CEB8-8B4A-11D0-8D11-00A0C91BC942}") = "2", "2.vcxproj", "{CCFA119F-4F7E-49C7-B068-AFD07BE92047}"
EndProject
Global
	GlobalSection(SolutionConfigurationPlatforms) = preSolution
		Debug|x64 = Debug|x64
		Debug|x86 = Debug|x86
		Release|x64 = Release|x64
		Release|x86 = Release|x86
	EndGlobalSection
	GlobalSection(ProjectConfigurationPlatforms) = postSolution
		{CCFA119F-4F7E-49C7-B068-AFD07BE92047}.Debug|x64.ActiveCfg = Debug|x64
		{CCFA119F-4F7E-49C7-B068-AFD07BE92047}.Debug|x64.Build.0 = Debug|x64
		{CCFA119F-4F7E-49C7-B068-AFD07BE92047}.Debug|x86.ActiveCfg = Debug|Win32
		{CCFA119F-4F7E-49C7-B068-AFD07BE92047}.Debug|x86.Build.0 = Debug|Win32
		{CCFA119F-4F7E-49C7-B068-AFD07BE92047}.Release|x64.ActiveCfg = Release|x64
		{CCFA119F-4F7E-49C7-B068-AFD07BE92047}.Release|x64.Build.0 = Release|x64
		{CCFA119F-4F7E-49C7-B068-AFD07BE92047}.Release|x86.ActiveCfg = Release|Win32
		{CCFA119F-4F7E-49C7-B068-AFD07BE92047}.Release|x86.Build.0 = Release|Win32
	EndGlobalSection
	GlobalSection(SolutionProperties) = preSolution
		HideSolutionNode = FALSE
	EndGlobalSection
	GlobalSection(ExtensibilityGlobals) = postSolution
		SolutionGuid = {861EE929-2726-4227-B0E9-7996A2C998CF}
	EndGlobalSection
EndGlobal
