
Microsoft Visual Studio Solution File, Format Version 12.00
# Visual Studio Version 16
VisualStudioVersion = 16.0.31205.134
MinimumVisualStudioVersion = 10.0.40219.1
Project("{8BC9CEB8-8B4A-11D0-8D11-00A0C91BC942}") = "Vector", "Vector.vcxproj", "{66F604C8-6101-41CF-AE31-DC8D0A132E03}"
EndProject
Global
	GlobalSection(SolutionConfigurationPlatforms) = preSolution
		Debug|x64 = Debug|x64
		Debug|x86 = Debug|x86
		Release|x64 = Release|x64
		Release|x86 = Release|x86
	EndGlobalSection
	GlobalSection(ProjectConfigurationPlatforms) = postSolution
		{66F604C8-6101-41CF-AE31-DC8D0A132E03}.Debug|x64.ActiveCfg = Debug|x64
		{66F604C8-6101-41CF-AE31-DC8D0A132E03}.Debug|x64.Build.0 = Debug|x64
		{66F604C8-6101-41CF-AE31-DC8D0A132E03}.Debug|x86.ActiveCfg = Debug|Win32
		{66F604C8-6101-41CF-AE31-DC8D0A132E03}.Debug|x86.Build.0 = Debug|Win32
		{66F604C8-6101-41CF-AE31-DC8D0A132E03}.Release|x64.ActiveCfg = Release|x64
		{66F604C8-6101-41CF-AE31-DC8D0A132E03}.Release|x64.Build.0 = Release|x64
		{66F604C8-6101-41CF-AE31-DC8D0A132E03}.Release|x86.ActiveCfg = Release|Win32
		{66F604C8-6101-41CF-AE31-DC8D0A132E03}.Release|x86.Build.0 = Release|Win32
	EndGlobalSection
	GlobalSection(SolutionProperties) = preSolution
		HideSolutionNode = FALSE
	EndGlobalSection
	GlobalSection(ExtensibilityGlobals) = postSolution
		SolutionGuid = {FA8253B7-1CBB-4EF1-92FF-EB43C9C6E6F3}
	EndGlobalSection
EndGlobal
